
Microsoft Visual Studio Solution File, Format Version 12.00
# Visual Studio Version 17
VisualStudioVersion = 17.13.35806.99 d17.13
MinimumVisualStudioVersion = 10.0.40219.1
Project("{FAE04EC0-301F-11D3-BF4B-00C04F79EFBC}") = "pizza-ordering-app", "pizza-ordering-app.csproj", "{4741B7BB-76C4-4D6C-8A47-CEFB6F61F0CE}"
EndProject
Global
	GlobalSection(SolutionConfigurationPlatforms) = preSolution
		Debug|Any CPU = Debug|Any CPU
		Release|Any CPU = Release|Any CPU
	EndGlobalSection
	GlobalSection(ProjectConfigurationPlatforms) = postSolution
		{4741B7BB-76C4-4D6C-8A47-CEFB6F61F0CE}.Debug|Any CPU.ActiveCfg = Debug|Any CPU
		{4741B7BB-76C4-4D6C-8A47-CEFB6F61F0CE}.Debug|Any CPU.Build.0 = Debug|Any CPU
		{4741B7BB-76C4-4D6C-8A47-CEFB6F61F0CE}.Release|Any CPU.ActiveCfg = Release|Any CPU
		{4741B7BB-76C4-4D6C-8A47-CEFB6F61F0CE}.Release|Any CPU.Build.0 = Release|Any CPU
	EndGlobalSection
	GlobalSection(SolutionProperties) = preSolution
		HideSolutionNode = FALSE
	EndGlobalSection
	GlobalSection(ExtensibilityGlobals) = postSolution
		SolutionGuid = {D823B998-5253-4A4D-B0AD-6CE7630A648B}
	EndGlobalSection
EndGlobal
